
Microsoft Visual Studio Solution File, Format Version 12.00
# Visual Studio Version 17
VisualStudioVersion = 17.10.34928.147
MinimumVisualStudioVersion = 10.0.40219.1
Project("{9A19103F-16F7-4668-BE54-9A1E7A4F7556}") = "GameInfoAPI", "GameInfoAPI\GameInfoAPI.csproj", "{794DC9DB-AAD1-4051-8FAA-F64CA741A1E1}"
EndProject
Project("{FAE04EC0-301F-11D3-BF4B-00C04F79EFBC}") = "GameInfoAPI.Tests", "GameInfoAPI.Tests\GameInfoAPI.Tests.csproj", "{7FDB60DF-8F8B-4D31-843A-8CDE9F89A74E}"
EndProject
Global
	GlobalSection(SolutionConfigurationPlatforms) = preSolution
		Debug|Any CPU = Debug|Any CPU
		Release|Any CPU = Release|Any CPU
	EndGlobalSection
	GlobalSection(ProjectConfigurationPlatforms) = postSolution
		{794DC9DB-AAD1-4051-8FAA-F64CA741A1E1}.Debug|Any CPU.ActiveCfg = Debug|Any CPU
		{794DC9DB-AAD1-4051-8FAA-F64CA741A1E1}.Debug|Any CPU.Build.0 = Debug|Any CPU
		{794DC9DB-AAD1-4051-8FAA-F64CA741A1E1}.Release|Any CPU.ActiveCfg = Release|Any CPU
		{794DC9DB-AAD1-4051-8FAA-F64CA741A1E1}.Release|Any CPU.Build.0 = Release|Any CPU
		{7FDB60DF-8F8B-4D31-843A-8CDE9F89A74E}.Debug|Any CPU.ActiveCfg = Debug|Any CPU
		{7FDB60DF-8F8B-4D31-843A-8CDE9F89A74E}.Debug|Any CPU.Build.0 = Debug|Any CPU
		{7FDB60DF-8F8B-4D31-843A-8CDE9F89A74E}.Release|Any CPU.ActiveCfg = Release|Any CPU
		{7FDB60DF-8F8B-4D31-843A-8CDE9F89A74E}.Release|Any CPU.Build.0 = Release|Any CPU
	EndGlobalSection
	GlobalSection(SolutionProperties) = preSolution
		HideSolutionNode = FALSE
	EndGlobalSection
	GlobalSection(ExtensibilityGlobals) = postSolution
		SolutionGuid = {0F129E49-0D12-4CEA-A33F-5AE89298925D}
	EndGlobalSection
EndGlobal
